// !$*UTF8*$!
{
	archiveVersion = 1;
	classes = {
	};
	objectVersion = 55;
	objects = {

/* Begin PBXBuildFile section */
		6531F55A28AFA506007738DA /* AppDelegate.swift in Sources */ = {isa = PBXBuildFile; fileRef = 6531F55928AFA506007738DA /* AppDelegate.swift */; };
		6531F55C28AFA506007738DA /* SceneDelegate.swift in Sources */ = {isa = PBXBuildFile; fileRef = 6531F55B28AFA506007738DA /* SceneDelegate.swift */; };
		6531F55E28AFA506007738DA /* ViewController.swift in Sources */ = {isa = PBXBuildFile; fileRef = 6531F55D28AFA506007738DA /* ViewController.swift */; };
		6531F56128AFA506007738DA /* Main.storyboard in Resources */ = {isa = PBXBuildFile; fileRef = 6531F55F28AFA506007738DA /* Main.storyboard */; };
		6531F56328AFA50E007738DA /* Assets.xcassets in Resources */ = {isa = PBXBuildFile; fileRef = 6531F56228AFA50E007738DA /* Assets.xcassets */; };
		6531F56628AFA50E007738DA /* LaunchScreen.storyboard in Resources */ = {isa = PBXBuildFile; fileRef = 6531F56428AFA50E007738DA /* LaunchScreen.storyboard */; };
		6531F58B28AFA579007738DA /* Print_all_permutations.swift in Sources */ = {isa = PBXBuildFile; fileRef = 6531F58A28AFA579007738DA /* Print_all_permutations.swift */; };
		6531F58D28AFAA89007738DA /* PrintAllPermutationsTests.swift in Sources */ = {isa = PBXBuildFile; fileRef = 6531F58C28AFAA89007738DA /* PrintAllPermutationsTests.swift */; };
		6531F58E28AFAA9E007738DA /* Print_all_permutations.swift in Sources */ = {isa = PBXBuildFile; fileRef = 6531F58A28AFA579007738DA /* Print_all_permutations.swift */; };
/* End PBXBuildFile section */

/* Begin PBXContainerItemProxy section */
		6531F56D28AFA50E007738DA /* PBXContainerItemProxy */ = {
			isa = PBXContainerItemProxy;
			containerPortal = 6531F54E28AFA506007738DA /* Project object */;
			proxyType = 1;
			remoteGlobalIDString = 6531F55528AFA506007738DA;
			remoteInfo = AmazonGeeksForGeeksPractice;
		};
/* End PBXContainerItemProxy section */

/* Begin PBXFileReference section */
		6531F55628AFA506007738DA /* AmazonGeeksForGeeksPractice.app */ = {isa = PBXFileReference; explicitFileType = wrapper.application; includeInIndex = 0; path = AmazonGeeksForGeeksPractice.app; sourceTree = BUILT_PRODUCTS_DIR; };
		6531F55928AFA506007738DA /* AppDelegate.swift */ = {isa = PBXFileReference; lastKnownFileType = sourcecode.swift; path = AppDelegate.swift; sourceTree = "<group>"; };
		6531F55B28AFA506007738DA /* SceneDelegate.swift */ = {isa = PBXFileReference; lastKnownFileType = sourcecode.swift; path = SceneDelegate.swift; sourceTree = "<group>"; };
		6531F55D28AFA506007738DA /* ViewController.swift */ = {isa = PBXFileReference; lastKnownFileType = sourcecode.swift; path = ViewController.swift; sourceTree = "<group>"; };
		6531F56028AFA506007738DA /* Base */ = {isa = PBXFileReference; lastKnownFileType = file.storyboard; name = Base; path = Base.lproj/Main.storyboard; sourceTree = "<group>"; };
		6531F56228AFA50E007738DA /* Assets.xcassets */ = {isa = PBXFileReference; lastKnownFileType = folder.assetcatalog; path = Assets.xcassets; sourceTree = "<group>"; };
		6531F56528AFA50E007738DA /* Base */ = {isa = PBXFileReference; lastKnownFileType = file.storyboard; name = Base; path = Base.lproj/LaunchScreen.storyboard; sourceTree = "<group>"; };
		6531F56728AFA50E007738DA /* Info.plist */ = {isa = PBXFileReference; lastKnownFileType = text.plist.xml; path = Info.plist; sourceTree = "<group>"; };
		6531F56C28AFA50E007738DA /* AmazonGeeksForGeeksPracticeTests.xctest */ = {isa = PBXFileReference; explicitFileType = wrapper.cfbundle; includeInIndex = 0; path = AmazonGeeksForGeeksPracticeTests.xctest; sourceTree = BUILT_PRODUCTS_DIR; };
		6531F58A28AFA579007738DA /* Print_all_permutations.swift */ = {isa = PBXFileReference; lastKnownFileType = sourcecode.swift; path = Print_all_permutations.swift; sourceTree = "<group>"; };
		6531F58C28AFAA89007738DA /* PrintAllPermutationsTests.swift */ = {isa = PBXFileReference; lastKnownFileType = sourcecode.swift; path = PrintAllPermutationsTests.swift; sourceTree = "<group>"; };
/* End PBXFileReference section */

/* Begin PBXFrameworksBuildPhase section */
		6531F55328AFA506007738DA /* Frameworks */ = {
			isa = PBXFrameworksBuildPhase;
			buildActionMask = 2147483647;
			files = (
			);
			runOnlyForDeploymentPostprocessing = 0;
		};
		6531F56928AFA50E007738DA /* Frameworks */ = {
			isa = PBXFrameworksBuildPhase;
			buildActionMask = 2147483647;
			files = (
			);
			runOnlyForDeploymentPostprocessing = 0;
		};
/* End PBXFrameworksBuildPhase section */

/* Begin PBXGroup section */
		6531F54D28AFA506007738DA = {
			isa = PBXGroup;
			children = (
				6531F58928AFA51C007738DA /* Recursion_and_Backtracking */,
				6531F55828AFA506007738DA /* AmazonGeeksForGeeksPractice */,
				6531F56F28AFA50E007738DA /* AmazonGeeksForGeeksPracticeTests */,
				6531F55728AFA506007738DA /* Products */,
			);
			sourceTree = "<group>";
		};
		6531F55728AFA506007738DA /* Products */ = {
			isa = PBXGroup;
			children = (
				6531F55628AFA506007738DA /* AmazonGeeksForGeeksPractice.app */,
				6531F56C28AFA50E007738DA /* AmazonGeeksForGeeksPracticeTests.xctest */,
			);
			name = Products;
			sourceTree = "<group>";
		};
		6531F55828AFA506007738DA /* AmazonGeeksForGeeksPractice */ = {
			isa = PBXGroup;
			children = (
				6531F55928AFA506007738DA /* AppDelegate.swift */,
				6531F55B28AFA506007738DA /* SceneDelegate.swift */,
				6531F55D28AFA506007738DA /* ViewController.swift */,
				6531F55F28AFA506007738DA /* Main.storyboard */,
				6531F56228AFA50E007738DA /* Assets.xcassets */,
				6531F56428AFA50E007738DA /* LaunchScreen.storyboard */,
				6531F56728AFA50E007738DA /* Info.plist */,
			);
			path = AmazonGeeksForGeeksPractice;
			sourceTree = "<group>";
		};
		6531F56F28AFA50E007738DA /* AmazonGeeksForGeeksPracticeTests */ = {
			isa = PBXGroup;
			children = (
				6531F58C28AFAA89007738DA /* PrintAllPermutationsTests.swift */,
			);
			path = AmazonGeeksForGeeksPracticeTests;
			sourceTree = "<group>";
		};
		6531F58928AFA51C007738DA /* Recursion_and_Backtracking */ = {
			isa = PBXGroup;
			children = (
				6531F58A28AFA579007738DA /* Print_all_permutations.swift */,
			);
			path = Recursion_and_Backtracking;
			sourceTree = "<group>";
		};
/* End PBXGroup section */

/* Begin PBXNativeTarget section */
		6531F55528AFA506007738DA /* AmazonGeeksForGeeksPractice */ = {
			isa = PBXNativeTarget;
			buildConfigurationList = 6531F58028AFA50F007738DA /* Build configuration list for PBXNativeTarget "AmazonGeeksForGeeksPractice" */;
			buildPhases = (
				6531F55228AFA506007738DA /* Sources */,
				6531F55328AFA506007738DA /* Frameworks */,
				6531F55428AFA506007738DA /* Resources */,
			);
			buildRules = (
			);
			dependencies = (
			);
			name = AmazonGeeksForGeeksPractice;
			productName = AmazonGeeksForGeeksPractice;
			productReference = 6531F55628AFA506007738DA /* AmazonGeeksForGeeksPractice.app */;
			productType = "com.apple.product-type.application";
		};
		6531F56B28AFA50E007738DA /* AmazonGeeksForGeeksPracticeTests */ = {
			isa = PBXNativeTarget;
			buildConfigurationList = 6531F58328AFA50F007738DA /* Build configuration list for PBXNativeTarget "AmazonGeeksForGeeksPracticeTests" */;
			buildPhases = (
				6531F56828AFA50E007738DA /* Sources */,
				6531F56928AFA50E007738DA /* Frameworks */,
				6531F56A28AFA50E007738DA /* Resources */,
			);
			buildRules = (
			);
			dependencies = (
				6531F56E28AFA50E007738DA /* PBXTargetDependency */,
			);
			name = AmazonGeeksForGeeksPracticeTests;
			productName = AmazonGeeksForGeeksPracticeTests;
			productReference = 6531F56C28AFA50E007738DA /* AmazonGeeksForGeeksPracticeTests.xctest */;
			productType = "com.apple.product-type.bundle.unit-test";
		};
/* End PBXNativeTarget section */

/* Begin PBXProject section */
		6531F54E28AFA506007738DA /* Project object */ = {
			isa = PBXProject;
			attributes = {
				BuildIndependentTargetsInParallel = 1;
				LastSwiftUpdateCheck = 1340;
				LastUpgradeCheck = 1340;
				TargetAttributes = {
					6531F55528AFA506007738DA = {
						CreatedOnToolsVersion = 13.4.1;
					};
					6531F56B28AFA50E007738DA = {
						CreatedOnToolsVersion = 13.4.1;
						TestTargetID = 6531F55528AFA506007738DA;
					};
				};
			};
			buildConfigurationList = 6531F55128AFA506007738DA /* Build configuration list for PBXProject "AmazonGeeksForGeeksPractice" */;
			compatibilityVersion = "Xcode 13.0";
			developmentRegion = en;
			hasScannedForEncodings = 0;
			knownRegions = (
				en,
				Base,
			);
			mainGroup = 6531F54D28AFA506007738DA;
			productRefGroup = 6531F55728AFA506007738DA /* Products */;
			projectDirPath = "";
			projectRoot = "";
			targets = (
				6531F55528AFA506007738DA /* AmazonGeeksForGeeksPractice */,
				6531F56B28AFA50E007738DA /* AmazonGeeksForGeeksPracticeTests */,
			);
		};
/* End PBXProject section */

/* Begin PBXResourcesBuildPhase section */
		6531F55428AFA506007738DA /* Resources */ = {
			isa = PBXResourcesBuildPhase;
			buildActionMask = 2147483647;
			files = (
				6531F56628AFA50E007738DA /* LaunchScreen.storyboard in Resources */,
				6531F56328AFA50E007738DA /* Assets.xcassets in Resources */,
				6531F56128AFA506007738DA /* Main.storyboard in Resources */,
			);
			runOnlyForDeploymentPostprocessing = 0;
		};
		6531F56A28AFA50E007738DA /* Resources */ = {
			isa = PBXResourcesBuildPhase;
			buildActionMask = 2147483647;
			files = (
			);
			runOnlyForDeploymentPostprocessing = 0;
		};
/* End PBXResourcesBuildPhase section */

/* Begin PBXSourcesBuildPhase section */
		6531F55228AFA506007738DA /* Sources */ = {
			isa = PBXSourcesBuildPhase;
			buildActionMask = 2147483647;
			files = (
				6531F55E28AFA506007738DA /* ViewController.swift in Sources */,
				6531F55A28AFA506007738DA /* AppDelegate.swift in Sources */,
				6531F58B28AFA579007738DA /* Print_all_permutations.swift in Sources */,
				6531F55C28AFA506007738DA /* SceneDelegate.swift in Sources */,
			);
			runOnlyForDeploymentPostprocessing = 0;
		};
		6531F56828AFA50E007738DA /* Sources */ = {
			isa = PBXSourcesBuildPhase;
			buildActionMask = 2147483647;
			files = (
				6531F58D28AFAA89007738DA /* PrintAllPermutationsTests.swift in Sources */,
				6531F58E28AFAA9E007738DA /* Print_all_permutations.swift in Sources */,
			);
			runOnlyForDeploymentPostprocessing = 0;
		};
/* End PBXSourcesBuildPhase section */

/* Begin PBXTargetDependency section */
		6531F56E28AFA50E007738DA /* PBXTargetDependency */ = {
			isa = PBXTargetDependency;
			target = 6531F55528AFA506007738DA /* AmazonGeeksForGeeksPractice */;
			targetProxy = 6531F56D28AFA50E007738DA /* PBXContainerItemProxy */;
		};
/* End PBXTargetDependency section */

/* Begin PBXVariantGroup section */
		6531F55F28AFA506007738DA /* Main.storyboard */ = {
			isa = PBXVariantGroup;
			children = (
				6531F56028AFA506007738DA /* Base */,
			);
			name = Main.storyboard;
			sourceTree = "<group>";
		};
		6531F56428AFA50E007738DA /* LaunchScreen.storyboard */ = {
			isa = PBXVariantGroup;
			children = (
				6531F56528AFA50E007738DA /* Base */,
			);
			name = LaunchScreen.storyboard;
			sourceTree = "<group>";
		};
/* End PBXVariantGroup section */

/* Begin XCBuildConfiguration section */
		6531F57E28AFA50F007738DA /* Debug */ = {
			isa = XCBuildConfiguration;
			buildSettings = {
				ALWAYS_SEARCH_USER_PATHS = NO;
				CLANG_ANALYZER_NONNULL = YES;
				CLANG_ANALYZER_NUMBER_OBJECT_CONVERSION = YES_AGGRESSIVE;
				CLANG_CXX_LANGUAGE_STANDARD = "gnu++17";
				CLANG_ENABLE_MODULES = YES;
				CLANG_ENABLE_OBJC_ARC = YES;
				CLANG_ENABLE_OBJC_WEAK = YES;
				CLANG_WARN_BLOCK_CAPTURE_AUTORELEASING = YES;
				CLANG_WARN_BOOL_CONVERSION = YES;
				CLANG_WARN_COMMA = YES;
				CLANG_WARN_CONSTANT_CONVERSION = YES;
				CLANG_WARN_DEPRECATED_OBJC_IMPLEMENTATIONS = YES;
				CLANG_WARN_DIRECT_OBJC_ISA_USAGE = YES_ERROR;
				CLANG_WARN_DOCUMENTATION_COMMENTS = YES;
				CLANG_WARN_EMPTY_BODY = YES;
				CLANG_WARN_ENUM_CONVERSION = YES;
				CLANG_WARN_INFINITE_RECURSION = YES;
				CLANG_WARN_INT_CONVERSION = YES;
				CLANG_WARN_NON_LITERAL_NULL_CONVERSION = YES;
				CLANG_WARN_OBJC_IMPLICIT_RETAIN_SELF = YES;
				CLANG_WARN_OBJC_LITERAL_CONVERSION = YES;
				CLANG_WARN_OBJC_ROOT_CLASS = YES_ERROR;
				CLANG_WARN_QUOTED_INCLUDE_IN_FRAMEWORK_HEADER = YES;
				CLANG_WARN_RANGE_LOOP_ANALYSIS = YES;
				CLANG_WARN_STRICT_PROTOTYPES = YES;
				CLANG_WARN_SUSPICIOUS_MOVE = YES;
				CLANG_WARN_UNGUARDED_AVAILABILITY = YES_AGGRESSIVE;
				CLANG_WARN_UNREACHABLE_CODE = YES;
				CLANG_WARN__DUPLICATE_METHOD_MATCH = YES;
				COPY_PHASE_STRIP = NO;
				DEBUG_INFORMATION_FORMAT = dwarf;
				ENABLE_STRICT_OBJC_MSGSEND = YES;
				ENABLE_TESTABILITY = YES;
				GCC_C_LANGUAGE_STANDARD = gnu11;
				GCC_DYNAMIC_NO_PIC = NO;
				GCC_NO_COMMON_BLOCKS = YES;
				GCC_OPTIMIZATION_LEVEL = 0;
				GCC_PREPROCESSOR_DEFINITIONS = (
					"DEBUG=1",
					"$(inherited)",
				);
				GCC_WARN_64_TO_32_BIT_CONVERSION = YES;
				GCC_WARN_ABOUT_RETURN_TYPE = YES_ERROR;
				GCC_WARN_UNDECLARED_SELECTOR = YES;
				GCC_WARN_UNINITIALIZED_AUTOS = YES_AGGRESSIVE;
				GCC_WARN_UNUSED_FUNCTION = YES;
				GCC_WARN_UNUSED_VARIABLE = YES;
				IPHONEOS_DEPLOYMENT_TARGET = 15.5;
				MTL_ENABLE_DEBUG_INFO = INCLUDE_SOURCE;
				MTL_FAST_MATH = YES;
				ONLY_ACTIVE_ARCH = YES;
				SDKROOT = iphoneos;
				SWIFT_ACTIVE_COMPILATION_CONDITIONS = DEBUG;
				SWIFT_OPTIMIZATION_LEVEL = "-Onone";
			};
			name = Debug;
		};
		6531F57F28AFA50F007738DA /* Release */ = {
			isa = XCBuildConfiguration;
			buildSettings = {
				ALWAYS_SEARCH_USER_PATHS = NO;
				CLANG_ANALYZER_NONNULL = YES;
				CLANG_ANALYZER_NUMBER_OBJECT_CONVERSION = YES_AGGRESSIVE;
				CLANG_CXX_LANGUAGE_STANDARD = "gnu++17";
				CLANG_ENABLE_MODULES = YES;
				CLANG_ENABLE_OBJC_ARC = YES;
				CLANG_ENABLE_OBJC_WEAK = YES;
				CLANG_WARN_BLOCK_CAPTURE_AUTORELEASING = YES;
				CLANG_WARN_BOOL_CONVERSION = YES;
				CLANG_WARN_COMMA = YES;
				CLANG_WARN_CONSTANT_CONVERSION = YES;
				CLANG_WARN_DEPRECATED_OBJC_IMPLEMENTATIONS = YES;
				CLANG_WARN_DIRECT_OBJC_ISA_USAGE = YES_ERROR;
				CLANG_WARN_DOCUMENTATION_COMMENTS = YES;
				CLANG_WARN_EMPTY_BODY = YES;
				CLANG_WARN_ENUM_CONVERSION = YES;
				CLANG_WARN_INFINITE_RECURSION = YES;
				CLANG_WARN_INT_CONVERSION = YES;
				CLANG_WARN_NON_LITERAL_NULL_CONVERSION = YES;
				CLANG_WARN_OBJC_IMPLICIT_RETAIN_SELF = YES;
				CLANG_WARN_OBJC_LITERAL_CONVERSION = YES;
				CLANG_WARN_OBJC_ROOT_CLASS = YES_ERROR;
				CLANG_WARN_QUOTED_INCLUDE_IN_FRAMEWORK_HEADER = YES;
				CLANG_WARN_RANGE_LOOP_ANALYSIS = YES;
				CLANG_WARN_STRICT_PROTOTYPES = YES;
				CLANG_WARN_SUSPICIOUS_MOVE = YES;
				CLANG_WARN_UNGUARDED_AVAILABILITY = YES_AGGRESSIVE;
				CLANG_WARN_UNREACHABLE_CODE = YES;
				CLANG_WARN__DUPLICATE_METHOD_MATCH = YES;
				COPY_PHASE_STRIP = NO;
				DEBUG_INFORMATION_FORMAT = "dwarf-with-dsym";
				ENABLE_NS_ASSERTIONS = NO;
				ENABLE_STRICT_OBJC_MSGSEND = YES;
				GCC_C_LANGUAGE_STANDARD = gnu11;
				GCC_NO_COMMON_BLOCKS = YES;
				GCC_WARN_64_TO_32_BIT_CONVERSION = YES;
				GCC_WARN_ABOUT_RETURN_TYPE = YES_ERROR;
				GCC_WARN_UNDECLARED_SELECTOR = YES;
				GCC_WARN_UNINITIALIZED_AUTOS = YES_AGGRESSIVE;
				GCC_WARN_UNUSED_FUNCTION = YES;
				GCC_WARN_UNUSED_VARIABLE = YES;
				IPHONEOS_DEPLOYMENT_TARGET = 15.5;
				MTL_ENABLE_DEBUG_INFO = NO;
				MTL_FAST_MATH = YES;
				SDKROOT = iphoneos;
				SWIFT_COMPILATION_MODE = wholemodule;
				SWIFT_OPTIMIZATION_LEVEL = "-O";
				VALIDATE_PRODUCT = YES;
			};
			name = Release;
		};
		6531F58128AFA50F007738DA /* Debug */ = {
			isa = XCBuildConfiguration;
			buildSettings = {
				ASSETCATALOG_COMPILER_APPICON_NAME = AppIcon;
				ASSETCATALOG_COMPILER_GLOBAL_ACCENT_COLOR_NAME = AccentColor;
				CODE_SIGN_STYLE = Automatic;
				CURRENT_PROJECT_VERSION = 1;
				DEVELOPMENT_TEAM = SKLFZ4533Y;
				GENERATE_INFOPLIST_FILE = YES;
				INFOPLIST_FILE = AmazonGeeksForGeeksPractice/Info.plist;
				INFOPLIST_KEY_UIApplicationSupportsIndirectInputEvents = YES;
				INFOPLIST_KEY_UILaunchStoryboardName = LaunchScreen;
				INFOPLIST_KEY_UIMainStoryboardFile = Main;
				INFOPLIST_KEY_UISupportedInterfaceOrientations_iPad = "UIInterfaceOrientationPortrait UIInterfaceOrientationPortraitUpsideDown UIInterfaceOrientationLandscapeLeft UIInterfaceOrientationLandscapeRight";
				INFOPLIST_KEY_UISupportedInterfaceOrientations_iPhone = "UIInterfaceOrientationPortrait UIInterfaceOrientationLandscapeLeft UIInterfaceOrientationLandscapeRight";
				LD_RUNPATH_SEARCH_PATHS = (
					"$(inherited)",
					"@executable_path/Frameworks",
				);
				MARKETING_VERSION = 1.0;
				PRODUCT_BUNDLE_IDENTIFIER = com.positivegrid.AmazonGeeksForGeeksPractice;
				PRODUCT_NAME = "$(TARGET_NAME)";
				SWIFT_EMIT_LOC_STRINGS = YES;
				SWIFT_VERSION = 5.0;
				TARGETED_DEVICE_FAMILY = "1,2";
			};
			name = Debug;
		};
		6531F58228AFA50F007738DA /* Release */ = {
			isa = XCBuildConfiguration;
			buildSettings = {
				ASSETCATALOG_COMPILER_APPICON_NAME = AppIcon;
				ASSETCATALOG_COMPILER_GLOBAL_ACCENT_COLOR_NAME = AccentColor;
				CODE_SIGN_STYLE = Automatic;
				CURRENT_PROJECT_VERSION = 1;
				DEVELOPMENT_TEAM = SKLFZ4533Y;
				GENERATE_INFOPLIST_FILE = YES;
				INFOPLIST_FILE = AmazonGeeksForGeeksPractice/Info.plist;
				INFOPLIST_KEY_UIApplicationSupportsIndirectInputEvents = YES;
				INFOPLIST_KEY_UILaunchStoryboardName = LaunchScreen;
				INFOPLIST_KEY_UIMainStoryboardFile = Main;
				INFOPLIST_KEY_UISupportedInterfaceOrientations_iPad = "UIInterfaceOrientationPortrait UIInterfaceOrientationPortraitUpsideDown UIInterfaceOrientationLandscapeLeft UIInterfaceOrientationLandscapeRight";
				INFOPLIST_KEY_UISupportedInterfaceOrientations_iPhone = "UIInterfaceOrientationPortrait UIInterfaceOrientationLandscapeLeft UIInterfaceOrientationLandscapeRight";
				LD_RUNPATH_SEARCH_PATHS = (
					"$(inherited)",
					"@executable_path/Frameworks",
				);
				MARKETING_VERSION = 1.0;
				PRODUCT_BUNDLE_IDENTIFIER = com.positivegrid.AmazonGeeksForGeeksPractice;
				PRODUCT_NAME = "$(TARGET_NAME)";
				SWIFT_EMIT_LOC_STRINGS = YES;
				SWIFT_VERSION = 5.0;
				TARGETED_DEVICE_FAMILY = "1,2";
			};
			name = Release;
		};
		6531F58428AFA50F007738DA /* Debug */ = {
			isa = XCBuildConfiguration;
			buildSettings = {
				ALWAYS_EMBED_SWIFT_STANDARD_LIBRARIES = YES;
				BUNDLE_LOADER = "$(TEST_HOST)";
				CODE_SIGN_STYLE = Automatic;
				CURRENT_PROJECT_VERSION = 1;
				DEVELOPMENT_TEAM = SKLFZ4533Y;
				GENERATE_INFOPLIST_FILE = YES;
				IPHONEOS_DEPLOYMENT_TARGET = 15.5;
				MARKETING_VERSION = 1.0;
				PRODUCT_BUNDLE_IDENTIFIER = com.positivegrid.AmazonGeeksForGeeksPracticeTests;
				PRODUCT_NAME = "$(TARGET_NAME)";
				SWIFT_EMIT_LOC_STRINGS = NO;
				SWIFT_VERSION = 5.0;
				TARGETED_DEVICE_FAMILY = "1,2";
				TEST_HOST = "$(BUILT_PRODUCTS_DIR)/AmazonGeeksForGeeksPractice.app/AmazonGeeksForGeeksPractice";
			};
			name = Debug;
		};
		6531F58528AFA50F007738DA /* Release */ = {
			isa = XCBuildConfiguration;
			buildSettings = {
				ALWAYS_EMBED_SWIFT_STANDARD_LIBRARIES = YES;
				BUNDLE_LOADER = "$(TEST_HOST)";
				CODE_SIGN_STYLE = Automatic;
				CURRENT_PROJECT_VERSION = 1;
				DEVELOPMENT_TEAM = SKLFZ4533Y;
				GENERATE_INFOPLIST_FILE = YES;
				IPHONEOS_DEPLOYMENT_TARGET = 15.5;
				MARKETING_VERSION = 1.0;
				PRODUCT_BUNDLE_IDENTIFIER = com.positivegrid.AmazonGeeksForGeeksPracticeTests;
				PRODUCT_NAME = "$(TARGET_NAME)";
				SWIFT_EMIT_LOC_STRINGS = NO;
				SWIFT_VERSION = 5.0;
				TARGETED_DEVICE_FAMILY = "1,2";
				TEST_HOST = "$(BUILT_PRODUCTS_DIR)/AmazonGeeksForGeeksPractice.app/AmazonGeeksForGeeksPractice";
			};
			name = Release;
		};
/* End XCBuildConfiguration section */

/* Begin XCConfigurationList section */
		6531F55128AFA506007738DA /* Build configuration list for PBXProject "AmazonGeeksForGeeksPractice" */ = {
			isa = XCConfigurationList;
			buildConfigurations = (
				6531F57E28AFA50F007738DA /* Debug */,
				6531F57F28AFA50F007738DA /* Release */,
			);
			defaultConfigurationIsVisible = 0;
			defaultConfigurationName = Release;
		};
		6531F58028AFA50F007738DA /* Build configuration list for PBXNativeTarget "AmazonGeeksForGeeksPractice" */ = {
			isa = XCConfigurationList;
			buildConfigurations = (
				6531F58128AFA50F007738DA /* Debug */,
				6531F58228AFA50F007738DA /* Release */,
			);
			defaultConfigurationIsVisible = 0;
			defaultConfigurationName = Release;
		};
		6531F58328AFA50F007738DA /* Build configuration list for PBXNativeTarget "AmazonGeeksForGeeksPracticeTests" */ = {
			isa = XCConfigurationList;
			buildConfigurations = (
				6531F58428AFA50F007738DA /* Debug */,
				6531F58528AFA50F007738DA /* Release */,
			);
			defaultConfigurationIsVisible = 0;
			defaultConfigurationName = Release;
		};
/* End XCConfigurationList section */
	};
	rootObject = 6531F54E28AFA506007738DA /* Project object */;
}
